// !$*UTF8*$!
{
	archiveVersion = 1;
	classes = {
	};
	objectVersion = 77;
	objects = {

/* Begin PBXContainerItemProxy section */
		7A0418442E156947001CBCF2 /* PBXContainerItemProxy */ = {
			isa = PBXContainerItemProxy;
			containerPortal = 7A0418252E156945001CBCF2 /* Project object */;
			proxyType = 1;
			remoteGlobalIDString = 7A04182C2E156945001CBCF2;
			remoteInfo = TestTaskShift;
		};
		7A04184E2E156947001CBCF2 /* PBXContainerItemProxy */ = {
			isa = PBXContainerItemProxy;
			containerPortal = 7A0418252E156945001CBCF2 /* Project object */;
			proxyType = 1;
			remoteGlobalIDString = 7A04182C2E156945001CBCF2;
			remoteInfo = TestTaskShift;
		};
/* End PBXContainerItemProxy section */

/* Begin PBXFileReference section */
		7A04182D2E156945001CBCF2 /* TestTaskShift.app */ = {isa = PBXFileReference; explicitFileType = wrapper.application; includeInIndex = 0; path = TestTaskShift.app; sourceTree = BUILT_PRODUCTS_DIR; };
		7A0418432E156947001CBCF2 /* TestTaskShiftTests.xctest */ = {isa = PBXFileReference; explicitFileType = wrapper.cfbundle; includeInIndex = 0; path = TestTaskShiftTests.xctest; sourceTree = BUILT_PRODUCTS_DIR; };
		7A04184D2E156947001CBCF2 /* TestTaskShiftUITests.xctest */ = {isa = PBXFileReference; explicitFileType = wrapper.cfbundle; includeInIndex = 0; path = TestTaskShiftUITests.xctest; sourceTree = BUILT_PRODUCTS_DIR; };
/* End PBXFileReference section */

/* Begin PBXFileSystemSynchronizedBuildFileExceptionSet section */
		7A0418552E156947001CBCF2 /* Exceptions for "TestTaskShift" folder in "TestTaskShift" target */ = {
			isa = PBXFileSystemSynchronizedBuildFileExceptionSet;
			membershipExceptions = (
				Resources/Info.plist,
			);
			target = 7A04182C2E156945001CBCF2 /* TestTaskShift */;
		};
/* End PBXFileSystemSynchronizedBuildFileExceptionSet section */

/* Begin PBXFileSystemSynchronizedRootGroup section */
		7A04182F2E156945001CBCF2 /* TestTaskShift */ = {
			isa = PBXFileSystemSynchronizedRootGroup;
			exceptions = (
				7A0418552E156947001CBCF2 /* Exceptions for "TestTaskShift" folder in "TestTaskShift" target */,
			);
			path = TestTaskShift;
			sourceTree = "<group>";
		};
		7A0418462E156947001CBCF2 /* TestTaskShiftTests */ = {
			isa = PBXFileSystemSynchronizedRootGroup;
			path = TestTaskShiftTests;
			sourceTree = "<group>";
		};
		7A0418502E156947001CBCF2 /* TestTaskShiftUITests */ = {
			isa = PBXFileSystemSynchronizedRootGroup;
			path = TestTaskShiftUITests;
			sourceTree = "<group>";
		};
/* End PBXFileSystemSynchronizedRootGroup section */

/* Begin PBXFrameworksBuildPhase section */
		7A04182A2E156945001CBCF2 /* Frameworks */ = {
			isa = PBXFrameworksBuildPhase;
			buildActionMask = 2147483647;
			files = (
			);
			runOnlyForDeploymentPostprocessing = 0;
		};
		7A0418402E156947001CBCF2 /* Frameworks */ = {
			isa = PBXFrameworksBuildPhase;
			buildActionMask = 2147483647;
			files = (
			);
			runOnlyForDeploymentPostprocessing = 0;
		};
		7A04184A2E156947001CBCF2 /* Frameworks */ = {
			isa = PBXFrameworksBuildPhase;
			buildActionMask = 2147483647;
			files = (
			);
			runOnlyForDeploymentPostprocessing = 0;
		};
/* End PBXFrameworksBuildPhase section */

/* Begin PBXGroup section */
		7A0418242E156945001CBCF2 = {
			isa = PBXGroup;
			children = (
				7A04182F2E156945001CBCF2 /* TestTaskShift */,
				7A0418462E156947001CBCF2 /* TestTaskShiftTests */,
				7A0418502E156947001CBCF2 /* TestTaskShiftUITests */,
				7A04182E2E156945001CBCF2 /* Products */,
			);
			sourceTree = "<group>";
		};
		7A04182E2E156945001CBCF2 /* Products */ = {
			isa = PBXGroup;
			children = (
				7A04182D2E156945001CBCF2 /* TestTaskShift.app */,
				7A0418432E156947001CBCF2 /* TestTaskShiftTests.xctest */,
				7A04184D2E156947001CBCF2 /* TestTaskShiftUITests.xctest */,
			);
			name = Products;
			sourceTree = "<group>";
		};
/* End PBXGroup section */

/* Begin PBXNativeTarget section */
		7A04182C2E156945001CBCF2 /* TestTaskShift */ = {
			isa = PBXNativeTarget;
			buildConfigurationList = 7A0418562E156947001CBCF2 /* Build configuration list for PBXNativeTarget "TestTaskShift" */;
			buildPhases = (
				7A0418292E156945001CBCF2 /* Sources */,
				7A04182A2E156945001CBCF2 /* Frameworks */,
				7A04182B2E156945001CBCF2 /* Resources */,
			);
			buildRules = (
			);
			dependencies = (
			);
			fileSystemSynchronizedGroups = (
				7A04182F2E156945001CBCF2 /* TestTaskShift */,
			);
			name = TestTaskShift;
			packageProductDependencies = (
			);
			productName = TestTaskShift;
			productReference = 7A04182D2E156945001CBCF2 /* TestTaskShift.app */;
			productType = "com.apple.product-type.application";
		};
		7A0418422E156947001CBCF2 /* TestTaskShiftTests */ = {
			isa = PBXNativeTarget;
			buildConfigurationList = 7A04185B2E156947001CBCF2 /* Build configuration list for PBXNativeTarget "TestTaskShiftTests" */;
			buildPhases = (
				7A04183F2E156947001CBCF2 /* Sources */,
				7A0418402E156947001CBCF2 /* Frameworks */,
				7A0418412E156947001CBCF2 /* Resources */,
			);
			buildRules = (
			);
			dependencies = (
				7A0418452E156947001CBCF2 /* PBXTargetDependency */,
			);
			fileSystemSynchronizedGroups = (
				7A0418462E156947001CBCF2 /* TestTaskShiftTests */,
			);
			name = TestTaskShiftTests;
			packageProductDependencies = (
			);
			productName = TestTaskShiftTests;
			productReference = 7A0418432E156947001CBCF2 /* TestTaskShiftTests.xctest */;
			productType = "com.apple.product-type.bundle.unit-test";
		};
		7A04184C2E156947001CBCF2 /* TestTaskShiftUITests */ = {
			isa = PBXNativeTarget;
			buildConfigurationList = 7A04185E2E156947001CBCF2 /* Build configuration list for PBXNativeTarget "TestTaskShiftUITests" */;
			buildPhases = (
				7A0418492E156947001CBCF2 /* Sources */,
				7A04184A2E156947001CBCF2 /* Frameworks */,
				7A04184B2E156947001CBCF2 /* Resources */,
			);
			buildRules = (
			);
			dependencies = (
				7A04184F2E156947001CBCF2 /* PBXTargetDependency */,
			);
			fileSystemSynchronizedGroups = (
				7A0418502E156947001CBCF2 /* TestTaskShiftUITests */,
			);
			name = TestTaskShiftUITests;
			packageProductDependencies = (
			);
			productName = TestTaskShiftUITests;
			productReference = 7A04184D2E156947001CBCF2 /* TestTaskShiftUITests.xctest */;
			productType = "com.apple.product-type.bundle.ui-testing";
		};
/* End PBXNativeTarget section */

/* Begin PBXProject section */
		7A0418252E156945001CBCF2 /* Project object */ = {
			isa = PBXProject;
			attributes = {
				BuildIndependentTargetsInParallel = 1;
				LastSwiftUpdateCheck = 1620;
				LastUpgradeCheck = 1620;
				TargetAttributes = {
					7A04182C2E156945001CBCF2 = {
						CreatedOnToolsVersion = 16.2;
					};
					7A0418422E156947001CBCF2 = {
						CreatedOnToolsVersion = 16.2;
						TestTargetID = 7A04182C2E156945001CBCF2;
					};
					7A04184C2E156947001CBCF2 = {
						CreatedOnToolsVersion = 16.2;
						TestTargetID = 7A04182C2E156945001CBCF2;
					};
				};
			};
			buildConfigurationList = 7A0418282E156945001CBCF2 /* Build configuration list for PBXProject "TestTaskShift" */;
			developmentRegion = en;
			hasScannedForEncodings = 0;
			knownRegions = (
				en,
				Base,
			);
			mainGroup = 7A0418242E156945001CBCF2;
			minimizedProjectReferenceProxies = 1;
			preferredProjectObjectVersion = 77;
			productRefGroup = 7A04182E2E156945001CBCF2 /* Products */;
			projectDirPath = "";
			projectRoot = "";
			targets = (
				7A04182C2E156945001CBCF2 /* TestTaskShift */,
				7A0418422E156947001CBCF2 /* TestTaskShiftTests */,
				7A04184C2E156947001CBCF2 /* TestTaskShiftUITests */,
			);
		};
/* End PBXProject section */

/* Begin PBXResourcesBuildPhase section */
		7A04182B2E156945001CBCF2 /* Resources */ = {
			isa = PBXResourcesBuildPhase;
			buildActionMask = 2147483647;
			files = (
			);
			runOnlyForDeploymentPostprocessing = 0;
		};
		7A0418412E156947001CBCF2 /* Resources */ = {
			isa = PBXResourcesBuildPhase;
			buildActionMask = 2147483647;
			files = (
			);
			runOnlyForDeploymentPostprocessing = 0;
		};
		7A04184B2E156947001CBCF2 /* Resources */ = {
			isa = PBXResourcesBuildPhase;
			buildActionMask = 2147483647;
			files = (
			);
			runOnlyForDeploymentPostprocessing = 0;
		};
/* End PBXResourcesBuildPhase section */

/* Begin PBXSourcesBuildPhase section */
		7A0418292E156945001CBCF2 /* Sources */ = {
			isa = PBXSourcesBuildPhase;
			buildActionMask = 2147483647;
			files = (
			);
			runOnlyForDeploymentPostprocessing = 0;
		};
		7A04183F2E156947001CBCF2 /* Sources */ = {
			isa = PBXSourcesBuildPhase;
			buildActionMask = 2147483647;
			files = (
			);
			runOnlyForDeploymentPostprocessing = 0;
		};
		7A0418492E156947001CBCF2 /* Sources */ = {
			isa = PBXSourcesBuildPhase;
			buildActionMask = 2147483647;
			files = (
			);
			runOnlyForDeploymentPostprocessing = 0;
		};
/* End PBXSourcesBuildPhase section */

/* Begin PBXTargetDependency section */
		7A0418452E156947001CBCF2 /* PBXTargetDependency */ = {
			isa = PBXTargetDependency;
			target = 7A04182C2E156945001CBCF2 /* TestTaskShift */;
			targetProxy = 7A0418442E156947001CBCF2 /* PBXContainerItemProxy */;
		};
		7A04184F2E156947001CBCF2 /* PBXTargetDependency */ = {
			isa = PBXTargetDependency;
			target = 7A04182C2E156945001CBCF2 /* TestTaskShift */;
			targetProxy = 7A04184E2E156947001CBCF2 /* PBXContainerItemProxy */;
		};
/* End PBXTargetDependency section */

/* Begin XCBuildConfiguration section */
		7A0418572E156947001CBCF2 /* Debug */ = {
			isa = XCBuildConfiguration;
			buildSettings = {
				ASSETCATALOG_COMPILER_APPICON_NAME = AppIcon;
				ASSETCATALOG_COMPILER_GLOBAL_ACCENT_COLOR_NAME = AccentColor;
				CODE_SIGN_STYLE = Automatic;
				CURRENT_PROJECT_VERSION = 1;
				DEVELOPMENT_TEAM = MW42589PW3;
				GENERATE_INFOPLIST_FILE = YES;
				INFOPLIST_FILE = TestTaskShift/Resources/Info.plist;
				INFOPLIST_KEY_UIApplicationSupportsIndirectInputEvents = YES;
				INFOPLIST_KEY_UILaunchStoryboardName = LaunchScreen;
				INFOPLIST_KEY_UISupportedInterfaceOrientations_iPad = "UIInterfaceOrientationPortrait UIInterfaceOrientationPortraitUpsideDown UIInterfaceOrientationLandscapeLeft UIInterfaceOrientationLandscapeRight";
				INFOPLIST_KEY_UISupportedInterfaceOrientations_iPhone = "UIInterfaceOrientationPortrait UIInterfaceOrientationLandscapeLeft UIInterfaceOrientationLandscapeRight";
				IPHONEOS_DEPLOYMENT_TARGET = 15.0;
				LD_RUNPATH_SEARCH_PATHS = (
					"$(inherited)",
					"@executable_path/Frameworks",
				);
				MARKETING_VERSION = 1.0;
				PRODUCT_BUNDLE_IDENTIFIER = liza.TestTaskShift;
				PRODUCT_NAME = "$(TARGET_NAME)";
				SWIFT_EMIT_LOC_STRINGS = YES;
				SWIFT_VERSION = 5.0;
				TARGETED_DEVICE_FAMILY = "1,2";
			};
			name = Debug;
		};
		7A0418582E156947001CBCF2 /* Release */ = {
			isa = XCBuildConfiguration;
			buildSettings = {
				ASSETCATALOG_COMPILER_APPICON_NAME = AppIcon;
				ASSETCATALOG_COMPILER_GLOBAL_ACCENT_COLOR_NAME = AccentColor;
				CODE_SIGN_STYLE = Automatic;
				CURRENT_PROJECT_VERSION = 1;
				DEVELOPMENT_TEAM = MW42589PW3;
				GENERATE_INFOPLIST_FILE = YES;
				INFOPLIST_FILE = TestTaskShift/Resources/Info.plist;
				INFOPLIST_KEY_UIApplicationSupportsIndirectInputEvents = YES;
				INFOPLIST_KEY_UILaunchStoryboardName = LaunchScreen;
				INFOPLIST_KEY_UISupportedInterfaceOrientations_iPad = "UIInterfaceOrientationPortrait UIInterfaceOrientationPortraitUpsideDown UIInterfaceOrientationLandscapeLeft UIInterfaceOrientationLandscapeRight";
				INFOPLIST_KEY_UISupportedInterfaceOrientations_iPhone = "UIInterfaceOrientationPortrait UIInterfaceOrientationLandscapeLeft UIInterfaceOrientationLandscapeRight";
				IPHONEOS_DEPLOYMENT_TARGET = 15.0;
				LD_RUNPATH_SEARCH_PATHS = (
					"$(inherited)",
					"@executable_path/Frameworks",
				);
				MARKETING_VERSION = 1.0;
				PRODUCT_BUNDLE_IDENTIFIER = liza.TestTaskShift;
				PRODUCT_NAME = "$(TARGET_NAME)";
				SWIFT_EMIT_LOC_STRINGS = YES;
				SWIFT_VERSION = 5.0;
				TARGETED_DEVICE_FAMILY = "1,2";
			};
			name = Release;
		};
		7A0418592E156947001CBCF2 /* Debug */ = {
			isa = XCBuildConfiguration;
			buildSettings = {
				ALWAYS_SEARCH_USER_PATHS = NO;
				ASSETCATALOG_COMPILER_GENERATE_SWIFT_ASSET_SYMBOL_EXTENSIONS = YES;
				CLANG_ANALYZER_NONNULL = YES;
				CLANG_ANALYZER_NUMBER_OBJECT_CONVERSION = YES_AGGRESSIVE;
				CLANG_CXX_LANGUAGE_STANDARD = "gnu++20";
				CLANG_ENABLE_MODULES = YES;
				CLANG_ENABLE_OBJC_ARC = YES;
				CLANG_ENABLE_OBJC_WEAK = YES;
				CLANG_WARN_BLOCK_CAPTURE_AUTORELEASING = YES;
				CLANG_WARN_BOOL_CONVERSION = YES;
				CLANG_WARN_COMMA = YES;
				CLANG_WARN_CONSTANT_CONVERSION = YES;
				CLANG_WARN_DEPRECATED_OBJC_IMPLEMENTATIONS = YES;
				CLANG_WARN_DIRECT_OBJC_ISA_USAGE = YES_ERROR;
				CLANG_WARN_DOCUMENTATION_COMMENTS = YES;
				CLANG_WARN_EMPTY_BODY = YES;
				CLANG_WARN_ENUM_CONVERSION = YES;
				CLANG_WARN_INFINITE_RECURSION = YES;
				CLANG_WARN_INT_CONVERSION = YES;
				CLANG_WARN_NON_LITERAL_NULL_CONVERSION = YES;
				CLANG_WARN_OBJC_IMPLICIT_RETAIN_SELF = YES;
				CLANG_WARN_OBJC_LITERAL_CONVERSION = YES;
				CLANG_WARN_OBJC_ROOT_CLASS = YES_ERROR;
				CLANG_WARN_QUOTED_INCLUDE_IN_FRAMEWORK_HEADER = YES;
				CLANG_WARN_RANGE_LOOP_ANALYSIS = YES;
				CLANG_WARN_STRICT_PROTOTYPES = YES;
				CLANG_WARN_SUSPICIOUS_MOVE = YES;
				CLANG_WARN_UNGUARDED_AVAILABILITY = YES_AGGRESSIVE;
				CLANG_WARN_UNREACHABLE_CODE = YES;
				CLANG_WARN__DUPLICATE_METHOD_MATCH = YES;
				COPY_PHASE_STRIP = NO;
				DEBUG_INFORMATION_FORMAT = dwarf;
				ENABLE_STRICT_OBJC_MSGSEND = YES;
				ENABLE_TESTABILITY = YES;
				ENABLE_USER_SCRIPT_SANDBOXING = YES;
				GCC_C_LANGUAGE_STANDARD = gnu17;
				GCC_DYNAMIC_NO_PIC = NO;
				GCC_NO_COMMON_BLOCKS = YES;
				GCC_OPTIMIZATION_LEVEL = 0;
				GCC_PREPROCESSOR_DEFINITIONS = (
					"DEBUG=1",
					"$(inherited)",
				);
				GCC_WARN_64_TO_32_BIT_CONVERSION = YES;
				GCC_WARN_ABOUT_RETURN_TYPE = YES_ERROR;
				GCC_WARN_UNDECLARED_SELECTOR = YES;
				GCC_WARN_UNINITIALIZED_AUTOS = YES_AGGRESSIVE;
				GCC_WARN_UNUSED_FUNCTION = YES;
				GCC_WARN_UNUSED_VARIABLE = YES;
				IPHONEOS_DEPLOYMENT_TARGET = 18.2;
				LOCALIZATION_PREFERS_STRING_CATALOGS = YES;
				MTL_ENABLE_DEBUG_INFO = INCLUDE_SOURCE;
				MTL_FAST_MATH = YES;
				ONLY_ACTIVE_ARCH = YES;
				SDKROOT = iphoneos;
				SWIFT_ACTIVE_COMPILATION_CONDITIONS = "DEBUG $(inherited)";
				SWIFT_OPTIMIZATION_LEVEL = "-Onone";
			};
			name = Debug;
		};
		7A04185A2E156947001CBCF2 /* Release */ = {
			isa = XCBuildConfiguration;
			buildSettings = {
				ALWAYS_SEARCH_USER_PATHS = NO;
				ASSETCATALOG_COMPILER_GENERATE_SWIFT_ASSET_SYMBOL_EXTENSIONS = YES;
				CLANG_ANALYZER_NONNULL = YES;
				CLANG_ANALYZER_NUMBER_OBJECT_CONVERSION = YES_AGGRESSIVE;
				CLANG_CXX_LANGUAGE_STANDARD = "gnu++20";
				CLANG_ENABLE_MODULES = YES;
				CLANG_ENABLE_OBJC_ARC = YES;
				CLANG_ENABLE_OBJC_WEAK = YES;
				CLANG_WARN_BLOCK_CAPTURE_AUTORELEASING = YES;
				CLANG_WARN_BOOL_CONVERSION = YES;
				CLANG_WARN_COMMA = YES;
				CLANG_WARN_CONSTANT_CONVERSION = YES;
				CLANG_WARN_DEPRECATED_OBJC_IMPLEMENTATIONS = YES;
				CLANG_WARN_DIRECT_OBJC_ISA_USAGE = YES_ERROR;
				CLANG_WARN_DOCUMENTATION_COMMENTS = YES;
				CLANG_WARN_EMPTY_BODY = YES;
				CLANG_WARN_ENUM_CONVERSION = YES;
				CLANG_WARN_INFINITE_RECURSION = YES;
				CLANG_WARN_INT_CONVERSION = YES;
				CLANG_WARN_NON_LITERAL_NULL_CONVERSION = YES;
				CLANG_WARN_OBJC_IMPLICIT_RETAIN_SELF = YES;
				CLANG_WARN_OBJC_LITERAL_CONVERSION = YES;
				CLANG_WARN_OBJC_ROOT_CLASS = YES_ERROR;
				CLANG_WARN_QUOTED_INCLUDE_IN_FRAMEWORK_HEADER = YES;
				CLANG_WARN_RANGE_LOOP_ANALYSIS = YES;
				CLANG_WARN_STRICT_PROTOTYPES = YES;
				CLANG_WARN_SUSPICIOUS_MOVE = YES;
				CLANG_WARN_UNGUARDED_AVAILABILITY = YES_AGGRESSIVE;
				CLANG_WARN_UNREACHABLE_CODE = YES;
				CLANG_WARN__DUPLICATE_METHOD_MATCH = YES;
				COPY_PHASE_STRIP = NO;
				DEBUG_INFORMATION_FORMAT = "dwarf-with-dsym";
				ENABLE_NS_ASSERTIONS = NO;
				ENABLE_STRICT_OBJC_MSGSEND = YES;
				ENABLE_USER_SCRIPT_SANDBOXING = YES;
				GCC_C_LANGUAGE_STANDARD = gnu17;
				GCC_NO_COMMON_BLOCKS = YES;
				GCC_WARN_64_TO_32_BIT_CONVERSION = YES;
				GCC_WARN_ABOUT_RETURN_TYPE = YES_ERROR;
				GCC_WARN_UNDECLARED_SELECTOR = YES;
				GCC_WARN_UNINITIALIZED_AUTOS = YES_AGGRESSIVE;
				GCC_WARN_UNUSED_FUNCTION = YES;
				GCC_WARN_UNUSED_VARIABLE = YES;
				IPHONEOS_DEPLOYMENT_TARGET = 18.2;
				LOCALIZATION_PREFERS_STRING_CATALOGS = YES;
				MTL_ENABLE_DEBUG_INFO = NO;
				MTL_FAST_MATH = YES;
				SDKROOT = iphoneos;
				SWIFT_COMPILATION_MODE = wholemodule;
				VALIDATE_PRODUCT = YES;
			};
			name = Release;
		};
		7A04185C2E156947001CBCF2 /* Debug */ = {
			isa = XCBuildConfiguration;
			buildSettings = {
				BUNDLE_LOADER = "$(TEST_HOST)";
				CODE_SIGN_STYLE = Automatic;
				CURRENT_PROJECT_VERSION = 1;
				DEVELOPMENT_TEAM = MW42589PW3;
				GENERATE_INFOPLIST_FILE = YES;
				IPHONEOS_DEPLOYMENT_TARGET = 18.2;
				MARKETING_VERSION = 1.0;
				PRODUCT_BUNDLE_IDENTIFIER = liza.TestTaskShiftTests;
				PRODUCT_NAME = "$(TARGET_NAME)";
				SWIFT_EMIT_LOC_STRINGS = NO;
				SWIFT_VERSION = 5.0;
				TARGETED_DEVICE_FAMILY = "1,2";
				TEST_HOST = "$(BUILT_PRODUCTS_DIR)/TestTaskShift.app/$(BUNDLE_EXECUTABLE_FOLDER_PATH)/TestTaskShift";
			};
			name = Debug;
		};
		7A04185D2E156947001CBCF2 /* Release */ = {
			isa = XCBuildConfiguration;
			buildSettings = {
				BUNDLE_LOADER = "$(TEST_HOST)";
				CODE_SIGN_STYLE = Automatic;
				CURRENT_PROJECT_VERSION = 1;
				DEVELOPMENT_TEAM = MW42589PW3;
				GENERATE_INFOPLIST_FILE = YES;
				IPHONEOS_DEPLOYMENT_TARGET = 18.2;
				MARKETING_VERSION = 1.0;
				PRODUCT_BUNDLE_IDENTIFIER = liza.TestTaskShiftTests;
				PRODUCT_NAME = "$(TARGET_NAME)";
				SWIFT_EMIT_LOC_STRINGS = NO;
				SWIFT_VERSION = 5.0;
				TARGETED_DEVICE_FAMILY = "1,2";
				TEST_HOST = "$(BUILT_PRODUCTS_DIR)/TestTaskShift.app/$(BUNDLE_EXECUTABLE_FOLDER_PATH)/TestTaskShift";
			};
			name = Release;
		};
		7A04185F2E156947001CBCF2 /* Debug */ = {
			isa = XCBuildConfiguration;
			buildSettings = {
				CODE_SIGN_STYLE = Automatic;
				CURRENT_PROJECT_VERSION = 1;
				DEVELOPMENT_TEAM = MW42589PW3;
				GENERATE_INFOPLIST_FILE = YES;
				MARKETING_VERSION = 1.0;
				PRODUCT_BUNDLE_IDENTIFIER = liza.TestTaskShiftUITests;
				PRODUCT_NAME = "$(TARGET_NAME)";
				SWIFT_EMIT_LOC_STRINGS = NO;
				SWIFT_VERSION = 5.0;
				TARGETED_DEVICE_FAMILY = "1,2";
				TEST_TARGET_NAME = TestTaskShift;
			};
			name = Debug;
		};
		7A0418602E156947001CBCF2 /* Release */ = {
			isa = XCBuildConfiguration;
			buildSettings = {
				CODE_SIGN_STYLE = Automatic;
				CURRENT_PROJECT_VERSION = 1;
				DEVELOPMENT_TEAM = MW42589PW3;
				GENERATE_INFOPLIST_FILE = YES;
				MARKETING_VERSION = 1.0;
				PRODUCT_BUNDLE_IDENTIFIER = liza.TestTaskShiftUITests;
				PRODUCT_NAME = "$(TARGET_NAME)";
				SWIFT_EMIT_LOC_STRINGS = NO;
				SWIFT_VERSION = 5.0;
				TARGETED_DEVICE_FAMILY = "1,2";
				TEST_TARGET_NAME = TestTaskShift;
			};
			name = Release;
		};
/* End XCBuildConfiguration section */

/* Begin XCConfigurationList section */
		7A0418282E156945001CBCF2 /* Build configuration list for PBXProject "TestTaskShift" */ = {
			isa = XCConfigurationList;
			buildConfigurations = (
				7A0418592E156947001CBCF2 /* Debug */,
				7A04185A2E156947001CBCF2 /* Release */,
			);
			defaultConfigurationIsVisible = 0;
			defaultConfigurationName = Release;
		};
		7A0418562E156947001CBCF2 /* Build configuration list for PBXNativeTarget "TestTaskShift" */ = {
			isa = XCConfigurationList;
			buildConfigurations = (
				7A0418572E156947001CBCF2 /* Debug */,
				7A0418582E156947001CBCF2 /* Release */,
			);
			defaultConfigurationIsVisible = 0;
			defaultConfigurationName = Release;
		};
		7A04185B2E156947001CBCF2 /* Build configuration list for PBXNativeTarget "TestTaskShiftTests" */ = {
			isa = XCConfigurationList;
			buildConfigurations = (
				7A04185C2E156947001CBCF2 /* Debug */,
				7A04185D2E156947001CBCF2 /* Release */,
			);
			defaultConfigurationIsVisible = 0;
			defaultConfigurationName = Release;
		};
		7A04185E2E156947001CBCF2 /* Build configuration list for PBXNativeTarget "TestTaskShiftUITests" */ = {
			isa = XCConfigurationList;
			buildConfigurations = (
				7A04185F2E156947001CBCF2 /* Debug */,
				7A0418602E156947001CBCF2 /* Release */,
			);
			defaultConfigurationIsVisible = 0;
			defaultConfigurationName = Release;
		};
/* End XCConfigurationList section */
	};
	rootObject = 7A0418252E156945001CBCF2 /* Project object */;
}
